// !$*UTF8*$!
{
	archiveVersion = 1;
	classes = {
	};
	objectVersion = 56;
	objects = {

/* Begin PBXBuildFile section */
		704E67FE2C0DC1CB00000B89 /* NetworkService.swift in Sources */ = {isa = PBXBuildFile; fileRef = 704E67FD2C0DC1CB00000B89 /* NetworkService.swift */; };
		704E68002C0DC1D900000B89 /* DatabaseService.swift in Sources */ = {isa = PBXBuildFile; fileRef = 704E67FF2C0DC1D900000B89 /* DatabaseService.swift */; };
		704E68022C0DC1F900000B89 /* MainViewModel.swift in Sources */ = {isa = PBXBuildFile; fileRef = 704E68012C0DC1F900000B89 /* MainViewModel.swift */; };
		704E68042C0DC20D00000B89 /* DataModel.swift in Sources */ = {isa = PBXBuildFile; fileRef = 704E68032C0DC20D00000B89 /* DataModel.swift */; };
		704E68072C0DC24400000B89 /* ExplorerMapView.swift in Sources */ = {isa = PBXBuildFile; fileRef = 704E68062C0DC24400000B89 /* ExplorerMapView.swift */; };
		704E680A2C0DC27300000B89 /* DetailView.swift in Sources */ = {isa = PBXBuildFile; fileRef = 704E68092C0DC27300000B89 /* DetailView.swift */; };
		704E680F2C0DC4C200000B89 /* Color+Extensions.swift in Sources */ = {isa = PBXBuildFile; fileRef = 704E680E2C0DC4C200000B89 /* Color+Extensions.swift */; };
		704E68122C0DC70800000B89 /* User.swift in Sources */ = {isa = PBXBuildFile; fileRef = 704E68112C0DC70800000B89 /* User.swift */; };
		704E68142C0DC72B00000B89 /* Category.swift in Sources */ = {isa = PBXBuildFile; fileRef = 704E68132C0DC72B00000B89 /* Category.swift */; };
		704E68162C0DC73800000B89 /* Task.swift in Sources */ = {isa = PBXBuildFile; fileRef = 704E68152C0DC73800000B89 /* Task.swift */; };
		707E3BAE2C0DEDE2003E8724 /* File.swift in Sources */ = {isa = PBXBuildFile; fileRef = 707E3BAD2C0DEDE2003E8724 /* File.swift */; };
		707E3BB02C0DEDEC003E8724 /* CardShop.swift in Sources */ = {isa = PBXBuildFile; fileRef = 707E3BAF2C0DEDEC003E8724 /* CardShop.swift */; };
		707E3BB22C0DEDFD003E8724 /* File3.swift in Sources */ = {isa = PBXBuildFile; fileRef = 707E3BB12C0DEDFD003E8724 /* File3.swift */; };
		709D6BF22C0DB49700F57235 /* WearRUApp.swift in Sources */ = {isa = PBXBuildFile; fileRef = 709D6BF12C0DB49700F57235 /* WearRUApp.swift */; };
		709D6BF42C0DB49700F57235 /* ContentView.swift in Sources */ = {isa = PBXBuildFile; fileRef = 709D6BF32C0DB49700F57235 /* ContentView.swift */; };
		709D6BF62C0DB49700F57235 /* Item.swift in Sources */ = {isa = PBXBuildFile; fileRef = 709D6BF52C0DB49700F57235 /* Item.swift */; };
		709D6BF82C0DB49700F57235 /* Assets.xcassets in Resources */ = {isa = PBXBuildFile; fileRef = 709D6BF72C0DB49700F57235 /* Assets.xcassets */; };
		709D6BFB2C0DB49700F57235 /* Preview Assets.xcassets in Resources */ = {isa = PBXBuildFile; fileRef = 709D6BFA2C0DB49700F57235 /* Preview Assets.xcassets */; };
		E23C8CE72C0EFA7C00AEA272 /* PinShape.swift in Sources */ = {isa = PBXBuildFile; fileRef = E23C8CE62C0EFA7C00AEA272 /* PinShape.swift */; };
		E23C8CE92C0F12C300AEA272 /* PinExView.swift in Sources */ = {isa = PBXBuildFile; fileRef = E23C8CE82C0F12C300AEA272 /* PinExView.swift */; };
		E23C8CEB2C0F5AA100AEA272 /* FilterListExView.swift in Sources */ = {isa = PBXBuildFile; fileRef = E23C8CEA2C0F5AA100AEA272 /* FilterListExView.swift */; };
		E2A00A632C0E0B7600D603FD /* ResearchBarExView.swift in Sources */ = {isa = PBXBuildFile; fileRef = E2A00A622C0E0B7600D603FD /* ResearchBarExView.swift */; };
		E2A00A652C0E0C7E00D603FD /* ShowFilterButtonExView.swift in Sources */ = {isa = PBXBuildFile; fileRef = E2A00A642C0E0C7E00D603FD /* ShowFilterButtonExView.swift */; };
		E2A00A672C0E0CC700D603FD /* SwitchMapListButtonExView.swift in Sources */ = {isa = PBXBuildFile; fileRef = E2A00A662C0E0CC700D603FD /* SwitchMapListButtonExView.swift */; };
		EAB087712C0DF05C00A7C28C /* ExplorerListView.swift in Sources */ = {isa = PBXBuildFile; fileRef = EAB087702C0DF05C00A7C28C /* ExplorerListView.swift */; };
		EAB087732C0DF08F00A7C28C /* NewsHomeView.swift in Sources */ = {isa = PBXBuildFile; fileRef = EAB087722C0DF08F00A7C28C /* NewsHomeView.swift */; };
		EAB087752C0DF0C500A7C28C /* NewsArticleView.swift in Sources */ = {isa = PBXBuildFile; fileRef = EAB087742C0DF0C500A7C28C /* NewsArticleView.swift */; };
		EAB087772C0DF0F300A7C28C /* NewsSearchModalView.swift in Sources */ = {isa = PBXBuildFile; fileRef = EAB087762C0DF0F300A7C28C /* NewsSearchModalView.swift */; };
		EAB087792C0DF11000A7C28C /* ExplorerShopModalView.swift in Sources */ = {isa = PBXBuildFile; fileRef = EAB087782C0DF11000A7C28C /* ExplorerShopModalView.swift */; };
		EAB0877B2C0DF12700A7C28C /* ExplorerFilterModalView.swift in Sources */ = {isa = PBXBuildFile; fileRef = EAB0877A2C0DF12700A7C28C /* ExplorerFilterModalView.swift */; };
		EAB0877D2C0DF14000A7C28C /* ExplorerSearchModalView.swift in Sources */ = {isa = PBXBuildFile; fileRef = EAB0877C2C0DF14000A7C28C /* ExplorerSearchModalView.swift */; };
		EAB0877F2C0DF15800A7C28C /* ShareModalView.swift in Sources */ = {isa = PBXBuildFile; fileRef = EAB0877E2C0DF15800A7C28C /* ShareModalView.swift */; };
		EAB087812C0DF16B00A7C28C /* SplashView.swift in Sources */ = {isa = PBXBuildFile; fileRef = EAB087802C0DF16B00A7C28C /* SplashView.swift */; };
/* End PBXBuildFile section */

/* Begin PBXFileReference section */
		704E67FD2C0DC1CB00000B89 /* NetworkService.swift */ = {isa = PBXFileReference; lastKnownFileType = sourcecode.swift; path = NetworkService.swift; sourceTree = "<group>"; };
		704E67FF2C0DC1D900000B89 /* DatabaseService.swift */ = {isa = PBXFileReference; lastKnownFileType = sourcecode.swift; path = DatabaseService.swift; sourceTree = "<group>"; };
		704E68012C0DC1F900000B89 /* MainViewModel.swift */ = {isa = PBXFileReference; lastKnownFileType = sourcecode.swift; path = MainViewModel.swift; sourceTree = "<group>"; };
		704E68032C0DC20D00000B89 /* DataModel.swift */ = {isa = PBXFileReference; lastKnownFileType = sourcecode.swift; path = DataModel.swift; sourceTree = "<group>"; };
		704E68062C0DC24400000B89 /* ExplorerMapView.swift */ = {isa = PBXFileReference; lastKnownFileType = sourcecode.swift; path = ExplorerMapView.swift; sourceTree = "<group>"; };
		704E68092C0DC27300000B89 /* DetailView.swift */ = {isa = PBXFileReference; lastKnownFileType = sourcecode.swift; path = DetailView.swift; sourceTree = "<group>"; };
		704E680E2C0DC4C200000B89 /* Color+Extensions.swift */ = {isa = PBXFileReference; lastKnownFileType = sourcecode.swift; path = "Color+Extensions.swift"; sourceTree = "<group>"; };
		704E68112C0DC70800000B89 /* User.swift */ = {isa = PBXFileReference; lastKnownFileType = sourcecode.swift; path = User.swift; sourceTree = "<group>"; };
		704E68132C0DC72B00000B89 /* Category.swift */ = {isa = PBXFileReference; lastKnownFileType = sourcecode.swift; path = Category.swift; sourceTree = "<group>"; };
		704E68152C0DC73800000B89 /* Task.swift */ = {isa = PBXFileReference; lastKnownFileType = sourcecode.swift; path = Task.swift; sourceTree = "<group>"; };
		707E3BAD2C0DEDE2003E8724 /* File.swift */ = {isa = PBXFileReference; lastKnownFileType = sourcecode.swift; path = File.swift; sourceTree = "<group>"; };
		707E3BAF2C0DEDEC003E8724 /* CardShop.swift */ = {isa = PBXFileReference; lastKnownFileType = sourcecode.swift; path = CardShop.swift; sourceTree = "<group>"; };
		707E3BB12C0DEDFD003E8724 /* File3.swift */ = {isa = PBXFileReference; lastKnownFileType = sourcecode.swift; path = File3.swift; sourceTree = "<group>"; };
		709D6BEE2C0DB49700F57235 /* WearRU.app */ = {isa = PBXFileReference; explicitFileType = wrapper.application; includeInIndex = 0; path = WearRU.app; sourceTree = BUILT_PRODUCTS_DIR; };
		709D6BF12C0DB49700F57235 /* WearRUApp.swift */ = {isa = PBXFileReference; lastKnownFileType = sourcecode.swift; path = WearRUApp.swift; sourceTree = "<group>"; };
		709D6BF32C0DB49700F57235 /* ContentView.swift */ = {isa = PBXFileReference; lastKnownFileType = sourcecode.swift; path = ContentView.swift; sourceTree = "<group>"; };
		709D6BF52C0DB49700F57235 /* Item.swift */ = {isa = PBXFileReference; lastKnownFileType = sourcecode.swift; path = Item.swift; sourceTree = "<group>"; };
		709D6BF72C0DB49700F57235 /* Assets.xcassets */ = {isa = PBXFileReference; lastKnownFileType = folder.assetcatalog; path = Assets.xcassets; sourceTree = "<group>"; };
		709D6BFA2C0DB49700F57235 /* Preview Assets.xcassets */ = {isa = PBXFileReference; lastKnownFileType = folder.assetcatalog; path = "Preview Assets.xcassets"; sourceTree = "<group>"; };
		E23C8CE62C0EFA7C00AEA272 /* PinShape.swift */ = {isa = PBXFileReference; lastKnownFileType = sourcecode.swift; path = PinShape.swift; sourceTree = "<group>"; };
		E23C8CE82C0F12C300AEA272 /* PinExView.swift */ = {isa = PBXFileReference; lastKnownFileType = sourcecode.swift; path = PinExView.swift; sourceTree = "<group>"; };
		E23C8CEA2C0F5AA100AEA272 /* FilterListExView.swift */ = {isa = PBXFileReference; lastKnownFileType = sourcecode.swift; path = FilterListExView.swift; sourceTree = "<group>"; };
		E2A00A622C0E0B7600D603FD /* ResearchBarExView.swift */ = {isa = PBXFileReference; lastKnownFileType = sourcecode.swift; path = ResearchBarExView.swift; sourceTree = "<group>"; };
		E2A00A642C0E0C7E00D603FD /* ShowFilterButtonExView.swift */ = {isa = PBXFileReference; lastKnownFileType = sourcecode.swift; path = ShowFilterButtonExView.swift; sourceTree = "<group>"; };
		E2A00A662C0E0CC700D603FD /* SwitchMapListButtonExView.swift */ = {isa = PBXFileReference; lastKnownFileType = sourcecode.swift; path = SwitchMapListButtonExView.swift; sourceTree = "<group>"; };
		EAB087702C0DF05C00A7C28C /* ExplorerListView.swift */ = {isa = PBXFileReference; lastKnownFileType = sourcecode.swift; path = ExplorerListView.swift; sourceTree = "<group>"; };
		EAB087722C0DF08F00A7C28C /* NewsHomeView.swift */ = {isa = PBXFileReference; lastKnownFileType = sourcecode.swift; path = NewsHomeView.swift; sourceTree = "<group>"; };
		EAB087742C0DF0C500A7C28C /* NewsArticleView.swift */ = {isa = PBXFileReference; lastKnownFileType = sourcecode.swift; path = NewsArticleView.swift; sourceTree = "<group>"; };
		EAB087762C0DF0F300A7C28C /* NewsSearchModalView.swift */ = {isa = PBXFileReference; lastKnownFileType = sourcecode.swift; path = NewsSearchModalView.swift; sourceTree = "<group>"; };
		EAB087782C0DF11000A7C28C /* ExplorerShopModalView.swift */ = {isa = PBXFileReference; lastKnownFileType = sourcecode.swift; path = ExplorerShopModalView.swift; sourceTree = "<group>"; };
		EAB0877A2C0DF12700A7C28C /* ExplorerFilterModalView.swift */ = {isa = PBXFileReference; lastKnownFileType = sourcecode.swift; path = ExplorerFilterModalView.swift; sourceTree = "<group>"; };
		EAB0877C2C0DF14000A7C28C /* ExplorerSearchModalView.swift */ = {isa = PBXFileReference; lastKnownFileType = sourcecode.swift; path = ExplorerSearchModalView.swift; sourceTree = "<group>"; };
		EAB0877E2C0DF15800A7C28C /* ShareModalView.swift */ = {isa = PBXFileReference; lastKnownFileType = sourcecode.swift; path = ShareModalView.swift; sourceTree = "<group>"; };
		EAB087802C0DF16B00A7C28C /* SplashView.swift */ = {isa = PBXFileReference; lastKnownFileType = sourcecode.swift; path = SplashView.swift; sourceTree = "<group>"; };
/* End PBXFileReference section */

/* Begin PBXFrameworksBuildPhase section */
		709D6BEB2C0DB49700F57235 /* Frameworks */ = {
			isa = PBXFrameworksBuildPhase;
			buildActionMask = 2147483647;
			files = (
			);
			runOnlyForDeploymentPostprocessing = 0;
		};
/* End PBXFrameworksBuildPhase section */

/* Begin PBXGroup section */
		704E67FC2C0DC1AD00000B89 /* Services */ = {
			isa = PBXGroup;
			children = (
				704E67FD2C0DC1CB00000B89 /* NetworkService.swift */,
				704E67FF2C0DC1D900000B89 /* DatabaseService.swift */,
			);
			path = Services;
			sourceTree = "<group>";
		};
		704E68052C0DC22A00000B89 /* Views */ = {
			isa = PBXGroup;
			children = (
				704E68062C0DC24400000B89 /* ExplorerMapView.swift */,
				EAB087702C0DF05C00A7C28C /* ExplorerListView.swift */,
				EAB087722C0DF08F00A7C28C /* NewsHomeView.swift */,
				EAB087742C0DF0C500A7C28C /* NewsArticleView.swift */,
				EAB087762C0DF0F300A7C28C /* NewsSearchModalView.swift */,
				EAB087782C0DF11000A7C28C /* ExplorerShopModalView.swift */,
				EAB0877A2C0DF12700A7C28C /* ExplorerFilterModalView.swift */,
				EAB0877C2C0DF14000A7C28C /* ExplorerSearchModalView.swift */,
				EAB0877E2C0DF15800A7C28C /* ShareModalView.swift */,
				EAB087802C0DF16B00A7C28C /* SplashView.swift */,
				704E68082C0DC24F00000B89 /* SubViews */,
			);
			path = Views;
			sourceTree = "<group>";
		};
		704E68082C0DC24F00000B89 /* SubViews */ = {
			isa = PBXGroup;
			children = (
				704E68092C0DC27300000B89 /* DetailView.swift */,
				E2A00A622C0E0B7600D603FD /* ResearchBarExView.swift */,
				E2A00A642C0E0C7E00D603FD /* ShowFilterButtonExView.swift */,
				E2A00A662C0E0CC700D603FD /* SwitchMapListButtonExView.swift */,
				E23C8CE82C0F12C300AEA272 /* PinExView.swift */,
				E23C8CEA2C0F5AA100AEA272 /* FilterListExView.swift */,
			);
			path = SubViews;
			sourceTree = "<group>";
		};
		704E680B2C0DC2BB00000B89 /* Components */ = {
			isa = PBXGroup;
			children = (
				704E680D2C0DC2E900000B89 /* CustomViews */,
				704E680C2C0DC2E500000B89 /* UIComponents */,
			);
			path = Components;
			sourceTree = "<group>";
		};
		704E680C2C0DC2E500000B89 /* UIComponents */ = {
			isa = PBXGroup;
			children = (
				E23C8CE62C0EFA7C00AEA272 /* PinShape.swift */,
				707E3BAD2C0DEDE2003E8724 /* File.swift */,
			);
			path = UIComponents;
			sourceTree = "<group>";
		};
		704E680D2C0DC2E900000B89 /* CustomViews */ = {
			isa = PBXGroup;
			children = (
				707E3BAF2C0DEDEC003E8724 /* CardShop.swift */,
			);
			path = CustomViews;
			sourceTree = "<group>";
		};
		704E68102C0DC54800000B89 /* Extensions */ = {
			isa = PBXGroup;
			children = (
				704E680E2C0DC4C200000B89 /* Color+Extensions.swift */,
			);
			path = Extensions;
			sourceTree = "<group>";
		};
		709D6BE52C0DB49700F57235 = {
			isa = PBXGroup;
			children = (
				709D6BF02C0DB49700F57235 /* WearRU */,
				709D6BEF2C0DB49700F57235 /* Products */,
			);
			sourceTree = "<group>";
		};
		709D6BEF2C0DB49700F57235 /* Products */ = {
			isa = PBXGroup;
			children = (
				709D6BEE2C0DB49700F57235 /* WearRU.app */,
			);
			name = Products;
			sourceTree = "<group>";
		};
		709D6BF02C0DB49700F57235 /* WearRU */ = {
			isa = PBXGroup;
			children = (
				709D6BF12C0DB49700F57235 /* WearRUApp.swift */,
				709D6BF32C0DB49700F57235 /* ContentView.swift */,
				704E68052C0DC22A00000B89 /* Views */,
				704E680B2C0DC2BB00000B89 /* Components */,
				709D6C022C0DB73E00F57235 /* Models */,
				709D6C012C0DB73200F57235 /* ViewModels */,
				704E67FC2C0DC1AD00000B89 /* Services */,
				709D6C032C0DB74700F57235 /* Utilities */,
				709D6C042C0DB75E00F57235 /* Controllers */,
				709D6BF72C0DB49700F57235 /* Assets.xcassets */,
				709D6BF92C0DB49700F57235 /* Preview Content */,
			);
			path = WearRU;
			sourceTree = "<group>";
		};
		709D6BF92C0DB49700F57235 /* Preview Content */ = {
			isa = PBXGroup;
			children = (
				709D6BFA2C0DB49700F57235 /* Preview Assets.xcassets */,
			);
			path = "Preview Content";
			sourceTree = "<group>";
		};
		709D6C012C0DB73200F57235 /* ViewModels */ = {
			isa = PBXGroup;
			children = (
				704E68012C0DC1F900000B89 /* MainViewModel.swift */,
			);
			path = ViewModels;
			sourceTree = "<group>";
		};
		709D6C022C0DB73E00F57235 /* Models */ = {
			isa = PBXGroup;
			children = (
				709D6BF52C0DB49700F57235 /* Item.swift */,
				704E68132C0DC72B00000B89 /* Category.swift */,
				704E68152C0DC73800000B89 /* Task.swift */,
				704E68112C0DC70800000B89 /* User.swift */,
				704E68032C0DC20D00000B89 /* DataModel.swift */,
			);
			path = Models;
			sourceTree = "<group>";
		};
		709D6C032C0DB74700F57235 /* Utilities */ = {
			isa = PBXGroup;
			children = (
				704E68102C0DC54800000B89 /* Extensions */,
			);
			path = Utilities;
			sourceTree = "<group>";
		};
		709D6C042C0DB75E00F57235 /* Controllers */ = {
			isa = PBXGroup;
			children = (
				707E3BB12C0DEDFD003E8724 /* File3.swift */,
			);
			path = Controllers;
			sourceTree = "<group>";
		};
/* End PBXGroup section */

/* Begin PBXNativeTarget section */
		709D6BED2C0DB49700F57235 /* WearRU */ = {
			isa = PBXNativeTarget;
			buildConfigurationList = 709D6BFE2C0DB49700F57235 /* Build configuration list for PBXNativeTarget "WearRU" */;
			buildPhases = (
				70E997032C0DE5CD00FC179B /* Swiftlint */,
				709D6BEA2C0DB49700F57235 /* Sources */,
				709D6BEB2C0DB49700F57235 /* Frameworks */,
				709D6BEC2C0DB49700F57235 /* Resources */,
			);
			buildRules = (
			);
			dependencies = (
			);
			name = WearRU;
			productName = WearRU;
			productReference = 709D6BEE2C0DB49700F57235 /* WearRU.app */;
			productType = "com.apple.product-type.application";
		};
/* End PBXNativeTarget section */

/* Begin PBXProject section */
		709D6BE62C0DB49700F57235 /* Project object */ = {
			isa = PBXProject;
			attributes = {
				BuildIndependentTargetsInParallel = 1;
				LastSwiftUpdateCheck = 1540;
				LastUpgradeCheck = 1540;
				TargetAttributes = {
					709D6BED2C0DB49700F57235 = {
						CreatedOnToolsVersion = 15.4;
					};
				};
			};
			buildConfigurationList = 709D6BE92C0DB49700F57235 /* Build configuration list for PBXProject "WearRU" */;
			compatibilityVersion = "Xcode 14.0";
			developmentRegion = fr;
			hasScannedForEncodings = 0;
			knownRegions = (
				Base,
				fr,
			);
			mainGroup = 709D6BE52C0DB49700F57235;
			productRefGroup = 709D6BEF2C0DB49700F57235 /* Products */;
			projectDirPath = "";
			projectRoot = "";
			targets = (
				709D6BED2C0DB49700F57235 /* WearRU */,
			);
		};
/* End PBXProject section */

/* Begin PBXResourcesBuildPhase section */
		709D6BEC2C0DB49700F57235 /* Resources */ = {
			isa = PBXResourcesBuildPhase;
			buildActionMask = 2147483647;
			files = (
				709D6BFB2C0DB49700F57235 /* Preview Assets.xcassets in Resources */,
				709D6BF82C0DB49700F57235 /* Assets.xcassets in Resources */,
			);
			runOnlyForDeploymentPostprocessing = 0;
		};
/* End PBXResourcesBuildPhase section */

/* Begin PBXShellScriptBuildPhase section */
		70E997032C0DE5CD00FC179B /* Swiftlint */ = {
			isa = PBXShellScriptBuildPhase;
			buildActionMask = 2147483647;
			files = (
			);
			inputFileListPaths = (
			);
			inputPaths = (
			);
			name = Swiftlint;
			outputFileListPaths = (
			);
			outputPaths = (
			);
			runOnlyForDeploymentPostprocessing = 0;
			shellPath = /bin/sh;
			shellScript = "if command -v swiftlint >/dev/null 2>&1\nthen\n    swiftlint\nelse\n    echo \"warning: `swiftlint` command not found - See https://github.com/realm/SwiftLint#installation for installation instructions.\"\nfi\n";
		};
/* End PBXShellScriptBuildPhase section */

/* Begin PBXSourcesBuildPhase section */
		709D6BEA2C0DB49700F57235 /* Sources */ = {
			isa = PBXSourcesBuildPhase;
			buildActionMask = 2147483647;
			files = (
				E2A00A632C0E0B7600D603FD /* ResearchBarExView.swift in Sources */,
				704E68042C0DC20D00000B89 /* DataModel.swift in Sources */,
				E2A00A672C0E0CC700D603FD /* SwitchMapListButtonExView.swift in Sources */,
				704E680A2C0DC27300000B89 /* DetailView.swift in Sources */,
				EAB087812C0DF16B00A7C28C /* SplashView.swift in Sources */,
				EAB0877F2C0DF15800A7C28C /* ShareModalView.swift in Sources */,
				704E68072C0DC24400000B89 /* ExplorerMapView.swift in Sources */,
				709D6BF42C0DB49700F57235 /* ContentView.swift in Sources */,
				704E68002C0DC1D900000B89 /* DatabaseService.swift in Sources */,
				707E3BB22C0DEDFD003E8724 /* File3.swift in Sources */,
				704E680F2C0DC4C200000B89 /* Color+Extensions.swift in Sources */,
				E23C8CE92C0F12C300AEA272 /* PinExView.swift in Sources */,
				E23C8CEB2C0F5AA100AEA272 /* FilterListExView.swift in Sources */,
				E23C8CE72C0EFA7C00AEA272 /* PinShape.swift in Sources */,
				EAB0877D2C0DF14000A7C28C /* ExplorerSearchModalView.swift in Sources */,
				709D6BF62C0DB49700F57235 /* Item.swift in Sources */,
				704E67FE2C0DC1CB00000B89 /* NetworkService.swift in Sources */,
				704E68162C0DC73800000B89 /* Task.swift in Sources */,
				707E3BAE2C0DEDE2003E8724 /* File.swift in Sources */,
				EAB087772C0DF0F300A7C28C /* NewsSearchModalView.swift in Sources */,
				EAB087752C0DF0C500A7C28C /* NewsArticleView.swift in Sources */,
				707E3BB02C0DEDEC003E8724 /* CardShop.swift in Sources */,
				EAB087792C0DF11000A7C28C /* ExplorerShopModalView.swift in Sources */,
				709D6BF22C0DB49700F57235 /* WearRUApp.swift in Sources */,
				704E68022C0DC1F900000B89 /* MainViewModel.swift in Sources */,
				E2A00A652C0E0C7E00D603FD /* ShowFilterButtonExView.swift in Sources */,
				704E68122C0DC70800000B89 /* User.swift in Sources */,
				EAB087712C0DF05C00A7C28C /* ExplorerListView.swift in Sources */,
				EAB0877B2C0DF12700A7C28C /* ExplorerFilterModalView.swift in Sources */,
				EAB087732C0DF08F00A7C28C /* NewsHomeView.swift in Sources */,
				704E68142C0DC72B00000B89 /* Category.swift in Sources */,
			);
			runOnlyForDeploymentPostprocessing = 0;
		};
/* End PBXSourcesBuildPhase section */

/* Begin XCBuildConfiguration section */
		709D6BFC2C0DB49700F57235 /* Debug */ = {
			isa = XCBuildConfiguration;
			buildSettings = {
				ALWAYS_SEARCH_USER_PATHS = NO;
				ASSETCATALOG_COMPILER_GENERATE_SWIFT_ASSET_SYMBOL_EXTENSIONS = YES;
				CLANG_ANALYZER_NONNULL = YES;
				CLANG_ANALYZER_NUMBER_OBJECT_CONVERSION = YES_AGGRESSIVE;
				CLANG_CXX_LANGUAGE_STANDARD = "gnu++20";
				CLANG_ENABLE_MODULES = YES;
				CLANG_ENABLE_OBJC_ARC = YES;
				CLANG_ENABLE_OBJC_WEAK = YES;
				CLANG_WARN_BLOCK_CAPTURE_AUTORELEASING = YES;
				CLANG_WARN_BOOL_CONVERSION = YES;
				CLANG_WARN_COMMA = YES;
				CLANG_WARN_CONSTANT_CONVERSION = YES;
				CLANG_WARN_DEPRECATED_OBJC_IMPLEMENTATIONS = YES;
				CLANG_WARN_DIRECT_OBJC_ISA_USAGE = YES_ERROR;
				CLANG_WARN_DOCUMENTATION_COMMENTS = YES;
				CLANG_WARN_EMPTY_BODY = YES;
				CLANG_WARN_ENUM_CONVERSION = YES;
				CLANG_WARN_INFINITE_RECURSION = YES;
				CLANG_WARN_INT_CONVERSION = YES;
				CLANG_WARN_NON_LITERAL_NULL_CONVERSION = YES;
				CLANG_WARN_OBJC_IMPLICIT_RETAIN_SELF = YES;
				CLANG_WARN_OBJC_LITERAL_CONVERSION = YES;
				CLANG_WARN_OBJC_ROOT_CLASS = YES_ERROR;
				CLANG_WARN_QUOTED_INCLUDE_IN_FRAMEWORK_HEADER = YES;
				CLANG_WARN_RANGE_LOOP_ANALYSIS = YES;
				CLANG_WARN_STRICT_PROTOTYPES = YES;
				CLANG_WARN_SUSPICIOUS_MOVE = YES;
				CLANG_WARN_UNGUARDED_AVAILABILITY = YES_AGGRESSIVE;
				CLANG_WARN_UNREACHABLE_CODE = YES;
				CLANG_WARN__DUPLICATE_METHOD_MATCH = YES;
				COPY_PHASE_STRIP = NO;
				DEBUG_INFORMATION_FORMAT = dwarf;
				ENABLE_STRICT_OBJC_MSGSEND = YES;
				ENABLE_TESTABILITY = YES;
				ENABLE_USER_SCRIPT_SANDBOXING = YES;
				GCC_C_LANGUAGE_STANDARD = gnu17;
				GCC_DYNAMIC_NO_PIC = NO;
				GCC_NO_COMMON_BLOCKS = YES;
				GCC_OPTIMIZATION_LEVEL = 0;
				GCC_PREPROCESSOR_DEFINITIONS = (
					"DEBUG=1",
					"$(inherited)",
				);
				GCC_WARN_64_TO_32_BIT_CONVERSION = YES;
				GCC_WARN_ABOUT_RETURN_TYPE = YES_ERROR;
				GCC_WARN_UNDECLARED_SELECTOR = YES;
				GCC_WARN_UNINITIALIZED_AUTOS = YES_AGGRESSIVE;
				GCC_WARN_UNUSED_FUNCTION = YES;
				GCC_WARN_UNUSED_VARIABLE = YES;
				IPHONEOS_DEPLOYMENT_TARGET = 17.5;
				LOCALIZATION_PREFERS_STRING_CATALOGS = YES;
				MTL_ENABLE_DEBUG_INFO = INCLUDE_SOURCE;
				MTL_FAST_MATH = YES;
				ONLY_ACTIVE_ARCH = YES;
				SDKROOT = iphoneos;
				SWIFT_ACTIVE_COMPILATION_CONDITIONS = "DEBUG $(inherited)";
				SWIFT_OPTIMIZATION_LEVEL = "-Onone";
			};
			name = Debug;
		};
		709D6BFD2C0DB49700F57235 /* Release */ = {
			isa = XCBuildConfiguration;
			buildSettings = {
				ALWAYS_SEARCH_USER_PATHS = NO;
				ASSETCATALOG_COMPILER_GENERATE_SWIFT_ASSET_SYMBOL_EXTENSIONS = YES;
				CLANG_ANALYZER_NONNULL = YES;
				CLANG_ANALYZER_NUMBER_OBJECT_CONVERSION = YES_AGGRESSIVE;
				CLANG_CXX_LANGUAGE_STANDARD = "gnu++20";
				CLANG_ENABLE_MODULES = YES;
				CLANG_ENABLE_OBJC_ARC = YES;
				CLANG_ENABLE_OBJC_WEAK = YES;
				CLANG_WARN_BLOCK_CAPTURE_AUTORELEASING = YES;
				CLANG_WARN_BOOL_CONVERSION = YES;
				CLANG_WARN_COMMA = YES;
				CLANG_WARN_CONSTANT_CONVERSION = YES;
				CLANG_WARN_DEPRECATED_OBJC_IMPLEMENTATIONS = YES;
				CLANG_WARN_DIRECT_OBJC_ISA_USAGE = YES_ERROR;
				CLANG_WARN_DOCUMENTATION_COMMENTS = YES;
				CLANG_WARN_EMPTY_BODY = YES;
				CLANG_WARN_ENUM_CONVERSION = YES;
				CLANG_WARN_INFINITE_RECURSION = YES;
				CLANG_WARN_INT_CONVERSION = YES;
				CLANG_WARN_NON_LITERAL_NULL_CONVERSION = YES;
				CLANG_WARN_OBJC_IMPLICIT_RETAIN_SELF = YES;
				CLANG_WARN_OBJC_LITERAL_CONVERSION = YES;
				CLANG_WARN_OBJC_ROOT_CLASS = YES_ERROR;
				CLANG_WARN_QUOTED_INCLUDE_IN_FRAMEWORK_HEADER = YES;
				CLANG_WARN_RANGE_LOOP_ANALYSIS = YES;
				CLANG_WARN_STRICT_PROTOTYPES = YES;
				CLANG_WARN_SUSPICIOUS_MOVE = YES;
				CLANG_WARN_UNGUARDED_AVAILABILITY = YES_AGGRESSIVE;
				CLANG_WARN_UNREACHABLE_CODE = YES;
				CLANG_WARN__DUPLICATE_METHOD_MATCH = YES;
				COPY_PHASE_STRIP = NO;
				DEBUG_INFORMATION_FORMAT = "dwarf-with-dsym";
				ENABLE_NS_ASSERTIONS = NO;
				ENABLE_STRICT_OBJC_MSGSEND = YES;
				ENABLE_USER_SCRIPT_SANDBOXING = YES;
				GCC_C_LANGUAGE_STANDARD = gnu17;
				GCC_NO_COMMON_BLOCKS = YES;
				GCC_WARN_64_TO_32_BIT_CONVERSION = YES;
				GCC_WARN_ABOUT_RETURN_TYPE = YES_ERROR;
				GCC_WARN_UNDECLARED_SELECTOR = YES;
				GCC_WARN_UNINITIALIZED_AUTOS = YES_AGGRESSIVE;
				GCC_WARN_UNUSED_FUNCTION = YES;
				GCC_WARN_UNUSED_VARIABLE = YES;
				IPHONEOS_DEPLOYMENT_TARGET = 17.5;
				LOCALIZATION_PREFERS_STRING_CATALOGS = YES;
				MTL_ENABLE_DEBUG_INFO = NO;
				MTL_FAST_MATH = YES;
				SDKROOT = iphoneos;
				SWIFT_COMPILATION_MODE = wholemodule;
				VALIDATE_PRODUCT = YES;
			};
			name = Release;
		};
		709D6BFF2C0DB49700F57235 /* Debug */ = {
			isa = XCBuildConfiguration;
			buildSettings = {
				ASSETCATALOG_COMPILER_APPICON_NAME = AppIcon;
				ASSETCATALOG_COMPILER_GLOBAL_ACCENT_COLOR_NAME = AccentColor;
				CODE_SIGN_STYLE = Automatic;
				CURRENT_PROJECT_VERSION = 1;
				DEVELOPMENT_ASSET_PATHS = "\"WearRU/Preview Content\"";
				DEVELOPMENT_TEAM = U6NY5CL9BJ;
				ENABLE_PREVIEWS = YES;
				GENERATE_INFOPLIST_FILE = YES;
				INFOPLIST_KEY_CFBundleDisplayName = WearRU;
				INFOPLIST_KEY_LSApplicationCategoryType = "public.app-category.lifestyle";
				INFOPLIST_KEY_UIApplicationSceneManifest_Generation = YES;
				INFOPLIST_KEY_UIApplicationSupportsIndirectInputEvents = YES;
				INFOPLIST_KEY_UILaunchScreen_Generation = YES;
				INFOPLIST_KEY_UIStatusBarHidden = NO;
				INFOPLIST_KEY_UISupportedInterfaceOrientations_iPad = "UIInterfaceOrientationPortrait UIInterfaceOrientationPortraitUpsideDown UIInterfaceOrientationLandscapeLeft UIInterfaceOrientationLandscapeRight";
				INFOPLIST_KEY_UISupportedInterfaceOrientations_iPhone = "UIInterfaceOrientationPortrait UIInterfaceOrientationLandscapeLeft UIInterfaceOrientationLandscapeRight";
				LD_RUNPATH_SEARCH_PATHS = (
					"$(inherited)",
					"@executable_path/Frameworks",
				);
				MARKETING_VERSION = 1.0;
				PRODUCT_BUNDLE_IDENTIFIER = Simplon.co.WearRU;
				PRODUCT_NAME = "$(TARGET_NAME)";
				SWIFT_EMIT_LOC_STRINGS = YES;
				SWIFT_VERSION = 5.0;
				TARGETED_DEVICE_FAMILY = "1,2";
			};
			name = Debug;
		};
		709D6C002C0DB49700F57235 /* Release */ = {
			isa = XCBuildConfiguration;
			buildSettings = {
				ASSETCATALOG_COMPILER_APPICON_NAME = AppIcon;
				ASSETCATALOG_COMPILER_GLOBAL_ACCENT_COLOR_NAME = AccentColor;
				CODE_SIGN_STYLE = Automatic;
				CURRENT_PROJECT_VERSION = 1;
				DEVELOPMENT_ASSET_PATHS = "\"WearRU/Preview Content\"";
				DEVELOPMENT_TEAM = U6NY5CL9BJ;
				ENABLE_PREVIEWS = YES;
				GENERATE_INFOPLIST_FILE = YES;
				INFOPLIST_KEY_CFBundleDisplayName = WearRU;
				INFOPLIST_KEY_LSApplicationCategoryType = "public.app-category.lifestyle";
				INFOPLIST_KEY_UIApplicationSceneManifest_Generation = YES;
				INFOPLIST_KEY_UIApplicationSupportsIndirectInputEvents = YES;
				INFOPLIST_KEY_UILaunchScreen_Generation = YES;
				INFOPLIST_KEY_UIStatusBarHidden = NO;
				INFOPLIST_KEY_UISupportedInterfaceOrientations_iPad = "UIInterfaceOrientationPortrait UIInterfaceOrientationPortraitUpsideDown UIInterfaceOrientationLandscapeLeft UIInterfaceOrientationLandscapeRight";
				INFOPLIST_KEY_UISupportedInterfaceOrientations_iPhone = "UIInterfaceOrientationPortrait UIInterfaceOrientationLandscapeLeft UIInterfaceOrientationLandscapeRight";
				LD_RUNPATH_SEARCH_PATHS = (
					"$(inherited)",
					"@executable_path/Frameworks",
				);
				MARKETING_VERSION = 1.0;
				PRODUCT_BUNDLE_IDENTIFIER = Simplon.co.WearRU;
				PRODUCT_NAME = "$(TARGET_NAME)";
				SWIFT_EMIT_LOC_STRINGS = YES;
				SWIFT_VERSION = 5.0;
				TARGETED_DEVICE_FAMILY = "1,2";
			};
			name = Release;
		};
/* End XCBuildConfiguration section */

/* Begin XCConfigurationList section */
		709D6BE92C0DB49700F57235 /* Build configuration list for PBXProject "WearRU" */ = {
			isa = XCConfigurationList;
			buildConfigurations = (
				709D6BFC2C0DB49700F57235 /* Debug */,
				709D6BFD2C0DB49700F57235 /* Release */,
			);
			defaultConfigurationIsVisible = 0;
			defaultConfigurationName = Release;
		};
		709D6BFE2C0DB49700F57235 /* Build configuration list for PBXNativeTarget "WearRU" */ = {
			isa = XCConfigurationList;
			buildConfigurations = (
				709D6BFF2C0DB49700F57235 /* Debug */,
				709D6C002C0DB49700F57235 /* Release */,
			);
			defaultConfigurationIsVisible = 0;
			defaultConfigurationName = Release;
		};
/* End XCConfigurationList section */
	};
	rootObject = 709D6BE62C0DB49700F57235 /* Project object */;
}
